
Microsoft Visual Studio Solution File, Format Version 12.00
# Visual Studio Version 17
VisualStudioVersion = 17.5.33530.505
MinimumVisualStudioVersion = 10.0.40219.1
Project("{8BC9CEB8-8B4A-11D0-8D11-00A0C91BC942}") = "CHESSGAME", "CHESSGAME\CHESSGAME.vcxproj", "{5B37FF18-B758-4F47-BD2D-42D6D1A1CD86}"
EndProject
Global
	GlobalSection(SolutionConfigurationPlatforms) = preSolution
		Debug|x64 = Debug|x64
		Release|x64 = Release|x64
	EndGlobalSection
	GlobalSection(ProjectConfigurationPlatforms) = postSolution
		{5B37FF18-B758-4F47-BD2D-42D6D1A1CD86}.Debug|x64.ActiveCfg = Debug|x64
		{5B37FF18-B758-4F47-BD2D-42D6D1A1CD86}.Debug|x64.Build.0 = Debug|x64
		{5B37FF18-B758-4F47-BD2D-42D6D1A1CD86}.Release|x64.ActiveCfg = Release|x64
		{5B37FF18-B758-4F47-BD2D-42D6D1A1CD86}.Release|x64.Build.0 = Release|x64
	EndGlobalSection
	GlobalSection(SolutionProperties) = preSolution
		HideSolutionNode = FALSE
	EndGlobalSection
	GlobalSection(ExtensibilityGlobals) = postSolution
		SolutionGuid = {01F21072-6691-4813-840F-73DE0C7C5878}
	EndGlobalSection
EndGlobal
